
Microsoft Visual Studio Solution File, Format Version 12.00
# Visual Studio 15
VisualStudioVersion = 15.0.28010.2026
MinimumVisualStudioVersion = 10.0.40219.1
Project("{FAE04EC0-301F-11D3-BF4B-00C04F79EFBC}") = "EFWPF.Client", "EFWPF.Client\EFWPF.Client.csproj", "{D06A03D3-9D52-4527-9FBF-6BD0ED6ED841}"
EndProject
Project("{00D1A9C2-B5F0-4AF3-8072-F6C62B433612}") = "EFWPF.Database", "EFWPF.Database\EFWPF.Database.sqlproj", "{26795B4D-B171-4D1F-A0AC-A6CF6B9354B9}"
EndProject
Project("{2150E333-8FDC-42A3-9474-1A3956D46DE8}") = "Data", "Data", "{46CC7D0E-7ABB-4001-8641-1E93E425D236}"
EndProject
Project("{2150E333-8FDC-42A3-9474-1A3956D46DE8}") = "Clients", "Clients", "{50B18C8E-8F67-4F4E-8798-C82823285152}"
EndProject
Project("{2150E333-8FDC-42A3-9474-1A3956D46DE8}") = "Database", "Database", "{8D422E65-7091-4072-A977-505D2CE526A5}"
EndProject
Project("{FAE04EC0-301F-11D3-BF4B-00C04F79EFBC}") = "EFWPF.Repository", "EFWPF.Repository\EFWPF.Repository.csproj", "{799CFA31-80D2-4C5C-A5B2-D9676C37AA1C}"
EndProject
Project("{FAE04EC0-301F-11D3-BF4B-00C04F79EFBC}") = "EFWPF.Data", "EFWPF.Data\EFWPF.Data.csproj", "{07498CA8-9620-4BB8-97DC-CA93BB4BF295}"
EndProject
Project("{2150E333-8FDC-42A3-9474-1A3956D46DE8}") = "Solution Items", "Solution Items", "{1AB7E44A-4151-4CED-B788-97C314252A81}"
	ProjectSection(SolutionItems) = preProject
		installatie_database.txt = installatie_database.txt
	EndProjectSection
EndProject
Global
	GlobalSection(SolutionConfigurationPlatforms) = preSolution
		Debug|Any CPU = Debug|Any CPU
		Release|Any CPU = Release|Any CPU
	EndGlobalSection
	GlobalSection(ProjectConfigurationPlatforms) = postSolution
		{D06A03D3-9D52-4527-9FBF-6BD0ED6ED841}.Debug|Any CPU.ActiveCfg = Debug|Any CPU
		{D06A03D3-9D52-4527-9FBF-6BD0ED6ED841}.Debug|Any CPU.Build.0 = Debug|Any CPU
		{D06A03D3-9D52-4527-9FBF-6BD0ED6ED841}.Release|Any CPU.ActiveCfg = Release|Any CPU
		{D06A03D3-9D52-4527-9FBF-6BD0ED6ED841}.Release|Any CPU.Build.0 = Release|Any CPU
		{26795B4D-B171-4D1F-A0AC-A6CF6B9354B9}.Debug|Any CPU.ActiveCfg = Debug|Any CPU
		{26795B4D-B171-4D1F-A0AC-A6CF6B9354B9}.Debug|Any CPU.Build.0 = Debug|Any CPU
		{26795B4D-B171-4D1F-A0AC-A6CF6B9354B9}.Debug|Any CPU.Deploy.0 = Debug|Any CPU
		{26795B4D-B171-4D1F-A0AC-A6CF6B9354B9}.Release|Any CPU.ActiveCfg = Release|Any CPU
		{26795B4D-B171-4D1F-A0AC-A6CF6B9354B9}.Release|Any CPU.Build.0 = Release|Any CPU
		{26795B4D-B171-4D1F-A0AC-A6CF6B9354B9}.Release|Any CPU.Deploy.0 = Release|Any CPU
		{799CFA31-80D2-4C5C-A5B2-D9676C37AA1C}.Debug|Any CPU.ActiveCfg = Debug|Any CPU
		{799CFA31-80D2-4C5C-A5B2-D9676C37AA1C}.Debug|Any CPU.Build.0 = Debug|Any CPU
		{799CFA31-80D2-4C5C-A5B2-D9676C37AA1C}.Release|Any CPU.ActiveCfg = Release|Any CPU
		{799CFA31-80D2-4C5C-A5B2-D9676C37AA1C}.Release|Any CPU.Build.0 = Release|Any CPU
		{07498CA8-9620-4BB8-97DC-CA93BB4BF295}.Debug|Any CPU.ActiveCfg = Debug|Any CPU
		{07498CA8-9620-4BB8-97DC-CA93BB4BF295}.Debug|Any CPU.Build.0 = Debug|Any CPU
		{07498CA8-9620-4BB8-97DC-CA93BB4BF295}.Release|Any CPU.ActiveCfg = Release|Any CPU
		{07498CA8-9620-4BB8-97DC-CA93BB4BF295}.Release|Any CPU.Build.0 = Release|Any CPU
	EndGlobalSection
	GlobalSection(SolutionProperties) = preSolution
		HideSolutionNode = FALSE
	EndGlobalSection
	GlobalSection(NestedProjects) = preSolution
		{D06A03D3-9D52-4527-9FBF-6BD0ED6ED841} = {50B18C8E-8F67-4F4E-8798-C82823285152}
		{26795B4D-B171-4D1F-A0AC-A6CF6B9354B9} = {8D422E65-7091-4072-A977-505D2CE526A5}
		{799CFA31-80D2-4C5C-A5B2-D9676C37AA1C} = {46CC7D0E-7ABB-4001-8641-1E93E425D236}
		{07498CA8-9620-4BB8-97DC-CA93BB4BF295} = {46CC7D0E-7ABB-4001-8641-1E93E425D236}
	EndGlobalSection
	GlobalSection(ExtensibilityGlobals) = postSolution
		SolutionGuid = {9192FF27-D3CF-4D6B-B635-8DA012342AE1}
	EndGlobalSection
EndGlobal
